
Microsoft Visual Studio Solution File, Format Version 12.00
# Visual Studio Version 17
VisualStudioVersion = 17.0.31903.59
MinimumVisualStudioVersion = 10.0.40219.1
Project("{FAE04EC0-301F-11D3-BF4B-00C04F79EFBC}") = "JsonPlayground", "src\JsonPlayground.csproj", "{7BE67D6B-59B8-4F1D-AC4F-AC5BDF9C2F19}"
EndProject
Global
	GlobalSection(SolutionConfigurationPlatforms) = preSolution
		Debug|Any CPU = Debug|Any CPU
		Release|Any CPU = Release|Any CPU
	EndGlobalSection
	GlobalSection(SolutionProperties) = preSolution
		HideSolutionNode = FALSE
	EndGlobalSection
	GlobalSection(ProjectConfigurationPlatforms) = postSolution
		{7BE67D6B-59B8-4F1D-AC4F-AC5BDF9C2F19}.Debug|Any CPU.ActiveCfg = Debug|Any CPU
		{7BE67D6B-59B8-4F1D-AC4F-AC5BDF9C2F19}.Debug|Any CPU.Build.0 = Debug|Any CPU
		{7BE67D6B-59B8-4F1D-AC4F-AC5BDF9C2F19}.Release|Any CPU.ActiveCfg = Release|Any CPU
		{7BE67D6B-59B8-4F1D-AC4F-AC5BDF9C2F19}.Release|Any CPU.Build.0 = Release|Any CPU
	EndGlobalSection
EndGlobal
