
Microsoft Visual Studio Solution File, Format Version 12.00
# Visual Studio Version 17
VisualStudioVersion = 17.10.34928.147
MinimumVisualStudioVersion = 10.0.40219.1
Project("{FAE04EC0-301F-11D3-BF4B-00C04F79EFBC}") = "TestFerrisFramework", "TestFerrisFramework\TestFerrisFramework.csproj", "{AD2D527E-1ADD-46AA-9E79-D1C9C48F88A9}"
EndProject
Global
	GlobalSection(SolutionConfigurationPlatforms) = preSolution
		Debug|Any CPU = Debug|Any CPU
		Release|Any CPU = Release|Any CPU
	EndGlobalSection
	GlobalSection(ProjectConfigurationPlatforms) = postSolution
		{AD2D527E-1ADD-46AA-9E79-D1C9C48F88A9}.Debug|Any CPU.ActiveCfg = Debug|Any CPU
		{AD2D527E-1ADD-46AA-9E79-D1C9C48F88A9}.Debug|Any CPU.Build.0 = Debug|Any CPU
		{AD2D527E-1ADD-46AA-9E79-D1C9C48F88A9}.Release|Any CPU.ActiveCfg = Release|Any CPU
		{AD2D527E-1ADD-46AA-9E79-D1C9C48F88A9}.Release|Any CPU.Build.0 = Release|Any CPU
	EndGlobalSection
	GlobalSection(SolutionProperties) = preSolution
		HideSolutionNode = FALSE
	EndGlobalSection
	GlobalSection(ExtensibilityGlobals) = postSolution
		SolutionGuid = {D8035D0D-D4F1-431B-9467-C3735F56A600}
	EndGlobalSection
EndGlobal
